
Microsoft Visual Studio Solution File, Format Version 12.00
# Visual Studio 15
VisualStudioVersion = 15.0.27703.2035
MinimumVisualStudioVersion = 10.0.40219.1
Project("{FAE04EC0-301F-11D3-BF4B-00C04F79EFBC}") = "ProjetoEmebs2", "ProjetoEmebs2\ProjetoEmebs2.csproj", "{BFFFFC99-CE04-47A7-8283-9D3A8D2D36A5}"
EndProject
Global
	GlobalSection(SolutionConfigurationPlatforms) = preSolution
		Debug|Any CPU = Debug|Any CPU
		Release|Any CPU = Release|Any CPU
	EndGlobalSection
	GlobalSection(ProjectConfigurationPlatforms) = postSolution
		{BFFFFC99-CE04-47A7-8283-9D3A8D2D36A5}.Debug|Any CPU.ActiveCfg = Debug|Any CPU
		{BFFFFC99-CE04-47A7-8283-9D3A8D2D36A5}.Debug|Any CPU.Build.0 = Debug|Any CPU
		{BFFFFC99-CE04-47A7-8283-9D3A8D2D36A5}.Release|Any CPU.ActiveCfg = Release|Any CPU
		{BFFFFC99-CE04-47A7-8283-9D3A8D2D36A5}.Release|Any CPU.Build.0 = Release|Any CPU
	EndGlobalSection
	GlobalSection(SolutionProperties) = preSolution
		HideSolutionNode = FALSE
	EndGlobalSection
	GlobalSection(ExtensibilityGlobals) = postSolution
		SolutionGuid = {2291B4E5-A37E-4893-950C-632F576AC12E}
	EndGlobalSection
EndGlobal
